
Microsoft Visual Studio Solution File, Format Version 12.00
# Visual Studio Version 17
VisualStudioVersion = 17.5.33103.201
MinimumVisualStudioVersion = 10.0.40219.1
Project("{FAE04EC0-301F-11D3-BF4B-00C04F79EFBC}") = "RescueFromRiot", "RescueFromRiot\RescueFromRiot.csproj", "{16558E52-56AC-42C4-9D90-3E7D1C2A3ECB}"
EndProject
Global
	GlobalSection(SolutionConfigurationPlatforms) = preSolution
		Debug|Any CPU = Debug|Any CPU
		Release|Any CPU = Release|Any CPU
	EndGlobalSection
	GlobalSection(ProjectConfigurationPlatforms) = postSolution
		{16558E52-56AC-42C4-9D90-3E7D1C2A3ECB}.Debug|Any CPU.ActiveCfg = Debug|Any CPU
		{16558E52-56AC-42C4-9D90-3E7D1C2A3ECB}.Debug|Any CPU.Build.0 = Debug|Any CPU
		{16558E52-56AC-42C4-9D90-3E7D1C2A3ECB}.Release|Any CPU.ActiveCfg = Release|Any CPU
		{16558E52-56AC-42C4-9D90-3E7D1C2A3ECB}.Release|Any CPU.Build.0 = Release|Any CPU
	EndGlobalSection
	GlobalSection(SolutionProperties) = preSolution
		HideSolutionNode = FALSE
	EndGlobalSection
	GlobalSection(ExtensibilityGlobals) = postSolution
		SolutionGuid = {2550DBA2-2936-4831-A817-75FA2823A742}
	EndGlobalSection
EndGlobal
